
Microsoft Visual Studio Solution File, Format Version 12.00
# Visual Studio Version 16
VisualStudioVersion = 16.0.30503.244
MinimumVisualStudioVersion = 10.0.40219.1
Project("{FAE04EC0-301F-11D3-BF4B-00C04F79EFBC}") = "22.SQLiteApp", "22.SQLiteApp\22.SQLiteApp.csproj", "{75107ECB-63C8-4513-B809-521A945B08B6}"
EndProject
Global
	GlobalSection(SolutionConfigurationPlatforms) = preSolution
		Debug|Any CPU = Debug|Any CPU
		Release|Any CPU = Release|Any CPU
	EndGlobalSection
	GlobalSection(ProjectConfigurationPlatforms) = postSolution
		{75107ECB-63C8-4513-B809-521A945B08B6}.Debug|Any CPU.ActiveCfg = Debug|Any CPU
		{75107ECB-63C8-4513-B809-521A945B08B6}.Debug|Any CPU.Build.0 = Debug|Any CPU
		{75107ECB-63C8-4513-B809-521A945B08B6}.Release|Any CPU.ActiveCfg = Release|Any CPU
		{75107ECB-63C8-4513-B809-521A945B08B6}.Release|Any CPU.Build.0 = Release|Any CPU
	EndGlobalSection
	GlobalSection(SolutionProperties) = preSolution
		HideSolutionNode = FALSE
	EndGlobalSection
	GlobalSection(ExtensibilityGlobals) = postSolution
		SolutionGuid = {217F101E-CBEC-4BD6-A80D-1609B73B996C}
	EndGlobalSection
EndGlobal
